
Microsoft Visual Studio Solution File, Format Version 12.00
# Visual Studio 15
VisualStudioVersion = 15.0.26730.3
MinimumVisualStudioVersion = 10.0.40219.1
Project("{FAE04EC0-301F-11D3-BF4B-00C04F79EFBC}") = "XCars", "XCars\XCars.csproj", "{5BB0BCCA-93C0-44BB-A67F-45DA6FD347A0}"
	ProjectSection(ProjectDependencies) = postProject
		{98CB6C1F-79E3-413D-9EC9-D84393355B0D} = {98CB6C1F-79E3-413D-9EC9-D84393355B0D}
	EndProjectSection
EndProject
Project("{FAE04EC0-301F-11D3-BF4B-00C04F79EFBC}") = "XCars.Model", "XCars.Model\XCars.Model.csproj", "{B434F233-8415-40F1-A30F-2FED70CDDA39}"
EndProject
Project("{FAE04EC0-301F-11D3-BF4B-00C04F79EFBC}") = "XCars.Service", "XCars.Service\XCars.Service.csproj", "{A6008227-7E68-49D7-A698-B1CCFE98578C}"
EndProject
Project("{FAE04EC0-301F-11D3-BF4B-00C04F79EFBC}") = "XCars.Data", "XCars.Data\XCars.Data.csproj", "{647097B6-4DD0-45C3-97D6-5399A96EE0D2}"
EndProject
Project("{FAE04EC0-301F-11D3-BF4B-00C04F79EFBC}") = "Amazon.AwsS3", "Amazon.AwsS3\Amazon.AwsS3.csproj", "{4C2C5B9A-C1D9-4C89-945B-477F291E2574}"
EndProject
Project("{FAE04EC0-301F-11D3-BF4B-00C04F79EFBC}") = "XCars.Common", "XCars.Common\XCars.Common.csproj", "{98CB6C1F-79E3-413D-9EC9-D84393355B0D}"
EndProject
Project("{FAE04EC0-301F-11D3-BF4B-00C04F79EFBC}") = "XCars.Resourses", "XCars.Resourses\XCars.Resourses.csproj", "{A46ABCAC-4A37-47D0-8BD6-78EE4B308212}"
EndProject
Project("{00D1A9C2-B5F0-4AF3-8072-F6C62B433612}") = "XCars.Database", "XCars.Database\XCars.Database.sqlproj", "{B03AC358-E169-41CA-8C4D-9F5A97BB596A}"
EndProject
Project("{2150E333-8FDC-42A3-9474-1A3956D46DE8}") = "ui", "ui", "{0B3C08F9-A851-4F76-83F0-149004A75996}"
EndProject
Project("{2150E333-8FDC-42A3-9474-1A3956D46DE8}") = "db", "db", "{08614E4E-2DDB-4620-BC1E-C087873DE0B1}"
EndProject
Project("{2150E333-8FDC-42A3-9474-1A3956D46DE8}") = "core", "core", "{DFE07D0E-E0AB-42FF-8B6A-13977A31B325}"
EndProject
Project("{2150E333-8FDC-42A3-9474-1A3956D46DE8}") = "cloud", "cloud", "{DD1BAAB6-5718-46A0-9316-C62639FA860A}"
EndProject
Global
	GlobalSection(SolutionConfigurationPlatforms) = preSolution
		Debug|Any CPU = Debug|Any CPU
		Release|Any CPU = Release|Any CPU
	EndGlobalSection
	GlobalSection(ProjectConfigurationPlatforms) = postSolution
		{5BB0BCCA-93C0-44BB-A67F-45DA6FD347A0}.Debug|Any CPU.ActiveCfg = Debug|Any CPU
		{5BB0BCCA-93C0-44BB-A67F-45DA6FD347A0}.Debug|Any CPU.Build.0 = Debug|Any CPU
		{5BB0BCCA-93C0-44BB-A67F-45DA6FD347A0}.Release|Any CPU.ActiveCfg = Release|Any CPU
		{5BB0BCCA-93C0-44BB-A67F-45DA6FD347A0}.Release|Any CPU.Build.0 = Release|Any CPU
		{B434F233-8415-40F1-A30F-2FED70CDDA39}.Debug|Any CPU.ActiveCfg = Debug|Any CPU
		{B434F233-8415-40F1-A30F-2FED70CDDA39}.Debug|Any CPU.Build.0 = Debug|Any CPU
		{B434F233-8415-40F1-A30F-2FED70CDDA39}.Release|Any CPU.ActiveCfg = Release|Any CPU
		{B434F233-8415-40F1-A30F-2FED70CDDA39}.Release|Any CPU.Build.0 = Release|Any CPU
		{A6008227-7E68-49D7-A698-B1CCFE98578C}.Debug|Any CPU.ActiveCfg = Debug|Any CPU
		{A6008227-7E68-49D7-A698-B1CCFE98578C}.Debug|Any CPU.Build.0 = Debug|Any CPU
		{A6008227-7E68-49D7-A698-B1CCFE98578C}.Release|Any CPU.ActiveCfg = Release|Any CPU
		{A6008227-7E68-49D7-A698-B1CCFE98578C}.Release|Any CPU.Build.0 = Release|Any CPU
		{647097B6-4DD0-45C3-97D6-5399A96EE0D2}.Debug|Any CPU.ActiveCfg = Debug|Any CPU
		{647097B6-4DD0-45C3-97D6-5399A96EE0D2}.Debug|Any CPU.Build.0 = Debug|Any CPU
		{647097B6-4DD0-45C3-97D6-5399A96EE0D2}.Release|Any CPU.ActiveCfg = Release|Any CPU
		{647097B6-4DD0-45C3-97D6-5399A96EE0D2}.Release|Any CPU.Build.0 = Release|Any CPU
		{4C2C5B9A-C1D9-4C89-945B-477F291E2574}.Debug|Any CPU.ActiveCfg = Debug|Any CPU
		{4C2C5B9A-C1D9-4C89-945B-477F291E2574}.Debug|Any CPU.Build.0 = Debug|Any CPU
		{4C2C5B9A-C1D9-4C89-945B-477F291E2574}.Release|Any CPU.ActiveCfg = Release|Any CPU
		{4C2C5B9A-C1D9-4C89-945B-477F291E2574}.Release|Any CPU.Build.0 = Release|Any CPU
		{98CB6C1F-79E3-413D-9EC9-D84393355B0D}.Debug|Any CPU.ActiveCfg = Debug|Any CPU
		{98CB6C1F-79E3-413D-9EC9-D84393355B0D}.Debug|Any CPU.Build.0 = Debug|Any CPU
		{98CB6C1F-79E3-413D-9EC9-D84393355B0D}.Release|Any CPU.ActiveCfg = Release|Any CPU
		{98CB6C1F-79E3-413D-9EC9-D84393355B0D}.Release|Any CPU.Build.0 = Release|Any CPU
		{A46ABCAC-4A37-47D0-8BD6-78EE4B308212}.Debug|Any CPU.ActiveCfg = Debug|Any CPU
		{A46ABCAC-4A37-47D0-8BD6-78EE4B308212}.Debug|Any CPU.Build.0 = Debug|Any CPU
		{A46ABCAC-4A37-47D0-8BD6-78EE4B308212}.Release|Any CPU.ActiveCfg = Release|Any CPU
		{A46ABCAC-4A37-47D0-8BD6-78EE4B308212}.Release|Any CPU.Build.0 = Release|Any CPU
		{B03AC358-E169-41CA-8C4D-9F5A97BB596A}.Debug|Any CPU.ActiveCfg = Debug|Any CPU
		{B03AC358-E169-41CA-8C4D-9F5A97BB596A}.Debug|Any CPU.Build.0 = Debug|Any CPU
		{B03AC358-E169-41CA-8C4D-9F5A97BB596A}.Debug|Any CPU.Deploy.0 = Debug|Any CPU
		{B03AC358-E169-41CA-8C4D-9F5A97BB596A}.Release|Any CPU.ActiveCfg = Release|Any CPU
		{B03AC358-E169-41CA-8C4D-9F5A97BB596A}.Release|Any CPU.Build.0 = Release|Any CPU
		{B03AC358-E169-41CA-8C4D-9F5A97BB596A}.Release|Any CPU.Deploy.0 = Release|Any CPU
	EndGlobalSection
	GlobalSection(SolutionProperties) = preSolution
		HideSolutionNode = FALSE
	EndGlobalSection
	GlobalSection(NestedProjects) = preSolution
		{5BB0BCCA-93C0-44BB-A67F-45DA6FD347A0} = {0B3C08F9-A851-4F76-83F0-149004A75996}
		{B434F233-8415-40F1-A30F-2FED70CDDA39} = {DFE07D0E-E0AB-42FF-8B6A-13977A31B325}
		{A6008227-7E68-49D7-A698-B1CCFE98578C} = {DFE07D0E-E0AB-42FF-8B6A-13977A31B325}
		{647097B6-4DD0-45C3-97D6-5399A96EE0D2} = {DFE07D0E-E0AB-42FF-8B6A-13977A31B325}
		{4C2C5B9A-C1D9-4C89-945B-477F291E2574} = {DD1BAAB6-5718-46A0-9316-C62639FA860A}
		{98CB6C1F-79E3-413D-9EC9-D84393355B0D} = {DFE07D0E-E0AB-42FF-8B6A-13977A31B325}
		{A46ABCAC-4A37-47D0-8BD6-78EE4B308212} = {DFE07D0E-E0AB-42FF-8B6A-13977A31B325}
		{B03AC358-E169-41CA-8C4D-9F5A97BB596A} = {08614E4E-2DDB-4620-BC1E-C087873DE0B1}
	EndGlobalSection
	GlobalSection(ExtensibilityGlobals) = postSolution
		SolutionGuid = {C3EC89FF-E7CF-410E-A434-88CAB333D89A}
	EndGlobalSection
EndGlobal
